
Microsoft Visual Studio Solution File, Format Version 12.00
# Visual Studio Version 17
VisualStudioVersion = 17.3.32825.248
MinimumVisualStudioVersion = 10.0.40219.1
Project("{9A19103F-16F7-4668-BE54-9A1E7A4F7556}") = "musicSchool.API", "musicSchool\musicSchool.API.csproj", "{14FC8326-25BD-4636-A6F9-FB188A29CFA6}"
EndProject
Project("{FAE04EC0-301F-11D3-BF4B-00C04F79EFBC}") = "musicSchool.Data", "musicSchool.Data\musicSchool.Data.csproj", "{4ED679EA-DBC0-42F7-83EA-CAE8A1753C5D}"
EndProject
Project("{FAE04EC0-301F-11D3-BF4B-00C04F79EFBC}") = "musicShool.Core", "musicShool.Core\musicShool.Core.csproj", "{1C1AE915-5599-4F37-A80F-A5C200D8B1F5}"
EndProject
Project("{FAE04EC0-301F-11D3-BF4B-00C04F79EFBC}") = "musicShool.Service", "musicShool.Service\musicShool.Service.csproj", "{2C6C2658-2E71-4AD5-B225-89A92F5911F6}"
EndProject
Global
	GlobalSection(SolutionConfigurationPlatforms) = preSolution
		Debug|Any CPU = Debug|Any CPU
		Release|Any CPU = Release|Any CPU
	EndGlobalSection
	GlobalSection(ProjectConfigurationPlatforms) = postSolution
		{14FC8326-25BD-4636-A6F9-FB188A29CFA6}.Debug|Any CPU.ActiveCfg = Debug|Any CPU
		{14FC8326-25BD-4636-A6F9-FB188A29CFA6}.Debug|Any CPU.Build.0 = Debug|Any CPU
		{14FC8326-25BD-4636-A6F9-FB188A29CFA6}.Release|Any CPU.ActiveCfg = Release|Any CPU
		{14FC8326-25BD-4636-A6F9-FB188A29CFA6}.Release|Any CPU.Build.0 = Release|Any CPU
		{4ED679EA-DBC0-42F7-83EA-CAE8A1753C5D}.Debug|Any CPU.ActiveCfg = Debug|Any CPU
		{4ED679EA-DBC0-42F7-83EA-CAE8A1753C5D}.Debug|Any CPU.Build.0 = Debug|Any CPU
		{4ED679EA-DBC0-42F7-83EA-CAE8A1753C5D}.Release|Any CPU.ActiveCfg = Release|Any CPU
		{4ED679EA-DBC0-42F7-83EA-CAE8A1753C5D}.Release|Any CPU.Build.0 = Release|Any CPU
		{1C1AE915-5599-4F37-A80F-A5C200D8B1F5}.Debug|Any CPU.ActiveCfg = Debug|Any CPU
		{1C1AE915-5599-4F37-A80F-A5C200D8B1F5}.Debug|Any CPU.Build.0 = Debug|Any CPU
		{1C1AE915-5599-4F37-A80F-A5C200D8B1F5}.Release|Any CPU.ActiveCfg = Release|Any CPU
		{1C1AE915-5599-4F37-A80F-A5C200D8B1F5}.Release|Any CPU.Build.0 = Release|Any CPU
		{2C6C2658-2E71-4AD5-B225-89A92F5911F6}.Debug|Any CPU.ActiveCfg = Debug|Any CPU
		{2C6C2658-2E71-4AD5-B225-89A92F5911F6}.Debug|Any CPU.Build.0 = Debug|Any CPU
		{2C6C2658-2E71-4AD5-B225-89A92F5911F6}.Release|Any CPU.ActiveCfg = Release|Any CPU
		{2C6C2658-2E71-4AD5-B225-89A92F5911F6}.Release|Any CPU.Build.0 = Release|Any CPU
	EndGlobalSection
	GlobalSection(SolutionProperties) = preSolution
		HideSolutionNode = FALSE
	EndGlobalSection
	GlobalSection(ExtensibilityGlobals) = postSolution
		SolutionGuid = {46145A4D-0A8C-496D-BECE-B71359DBF772}
	EndGlobalSection
EndGlobal
